
Microsoft Visual Studio Solution File, Format Version 12.00
# Visual Studio Version 17
VisualStudioVersion = 17.3.32825.248
MinimumVisualStudioVersion = 10.0.40219.1
Project("{8BC9CEB8-8B4A-11D0-8D11-00A0C91BC942}") = "rt2rt_project", "rt2rt_project\rt2rt_project.vcxproj", "{757CF8E1-3DC1-4FB8-9A7A-A68AF1C282B6}"
EndProject
Global
	GlobalSection(SolutionConfigurationPlatforms) = preSolution
		Debug|x64 = Debug|x64
		Debug|x86 = Debug|x86
		Release|x64 = Release|x64
		Release|x86 = Release|x86
	EndGlobalSection
	GlobalSection(ProjectConfigurationPlatforms) = postSolution
		{757CF8E1-3DC1-4FB8-9A7A-A68AF1C282B6}.Debug|x64.ActiveCfg = Debug|x64
		{757CF8E1-3DC1-4FB8-9A7A-A68AF1C282B6}.Debug|x64.Build.0 = Debug|x64
		{757CF8E1-3DC1-4FB8-9A7A-A68AF1C282B6}.Debug|x86.ActiveCfg = Debug|Win32
		{757CF8E1-3DC1-4FB8-9A7A-A68AF1C282B6}.Debug|x86.Build.0 = Debug|Win32
		{757CF8E1-3DC1-4FB8-9A7A-A68AF1C282B6}.Release|x64.ActiveCfg = Release|x64
		{757CF8E1-3DC1-4FB8-9A7A-A68AF1C282B6}.Release|x64.Build.0 = Release|x64
		{757CF8E1-3DC1-4FB8-9A7A-A68AF1C282B6}.Release|x86.ActiveCfg = Release|Win32
		{757CF8E1-3DC1-4FB8-9A7A-A68AF1C282B6}.Release|x86.Build.0 = Release|Win32
	EndGlobalSection
	GlobalSection(SolutionProperties) = preSolution
		HideSolutionNode = FALSE
	EndGlobalSection
	GlobalSection(ExtensibilityGlobals) = postSolution
		SolutionGuid = {3145357E-70F4-4BF2-A828-CAB4BB40DF37}
	EndGlobalSection
EndGlobal
